// !$*UTF8*$!
{
	archiveVersion = 1;
	classes = {
	};
	objectVersion = 50;
	objects = {

/* Begin PBXBuildFile section */
		6CBC1D07218B991200862790 /* AppDelegate.swift in Sources */ = {isa = PBXBuildFile; fileRef = 6CBC1D06218B991200862790 /* AppDelegate.swift */; };
		6CBC1D09218B991200862790 /* ViewController.swift in Sources */ = {isa = PBXBuildFile; fileRef = 6CBC1D08218B991200862790 /* ViewController.swift */; };
		6CBC1D0C218B991200862790 /* Main.storyboard in Resources */ = {isa = PBXBuildFile; fileRef = 6CBC1D0A218B991200862790 /* Main.storyboard */; };
		6CBC1D0E218B991300862790 /* Assets.xcassets in Resources */ = {isa = PBXBuildFile; fileRef = 6CBC1D0D218B991300862790 /* Assets.xcassets */; };
		6CBC1D11218B991300862790 /* LaunchScreen.storyboard in Resources */ = {isa = PBXBuildFile; fileRef = 6CBC1D0F218B991300862790 /* LaunchScreen.storyboard */; };
		6CBC1D1C218B991300862790 /* Objectivec_Swift_UntitTestingTests.swift in Sources */ = {isa = PBXBuildFile; fileRef = 6CBC1D1B218B991300862790 /* Objectivec_Swift_UntitTestingTests.swift */; };
		6CBC1D27218B991300862790 /* Objectivec_Swift_UntitTestingUITests.swift in Sources */ = {isa = PBXBuildFile; fileRef = 6CBC1D26218B991300862790 /* Objectivec_Swift_UntitTestingUITests.swift */; };
/* End PBXBuildFile section */

/* Begin PBXContainerItemProxy section */
		6CBC1D18218B991300862790 /* PBXContainerItemProxy */ = {
			isa = PBXContainerItemProxy;
			containerPortal = 6CBC1CFB218B991200862790 /* Project object */;
			proxyType = 1;
			remoteGlobalIDString = 6CBC1D02218B991200862790;
			remoteInfo = "Objectivec-Swift-UntitTesting";
		};
		6CBC1D23218B991300862790 /* PBXContainerItemProxy */ = {
			isa = PBXContainerItemProxy;
			containerPortal = 6CBC1CFB218B991200862790 /* Project object */;
			proxyType = 1;
			remoteGlobalIDString = 6CBC1D02218B991200862790;
			remoteInfo = "Objectivec-Swift-UntitTesting";
		};
/* End PBXContainerItemProxy section */

/* Begin PBXFileReference section */
		6CBC1D03218B991200862790 /* Objectivec-Swift-UntitTesting.app */ = {isa = PBXFileReference; explicitFileType = wrapper.application; includeInIndex = 0; path = "Objectivec-Swift-UntitTesting.app"; sourceTree = BUILT_PRODUCTS_DIR; };
		6CBC1D06218B991200862790 /* AppDelegate.swift */ = {isa = PBXFileReference; lastKnownFileType = sourcecode.swift; path = AppDelegate.swift; sourceTree = "<group>"; };
		6CBC1D08218B991200862790 /* ViewController.swift */ = {isa = PBXFileReference; lastKnownFileType = sourcecode.swift; path = ViewController.swift; sourceTree = "<group>"; };
		6CBC1D0B218B991200862790 /* Base */ = {isa = PBXFileReference; lastKnownFileType = file.storyboard; name = Base; path = Base.lproj/Main.storyboard; sourceTree = "<group>"; };
		6CBC1D0D218B991300862790 /* Assets.xcassets */ = {isa = PBXFileReference; lastKnownFileType = folder.assetcatalog; path = Assets.xcassets; sourceTree = "<group>"; };
		6CBC1D10218B991300862790 /* Base */ = {isa = PBXFileReference; lastKnownFileType = file.storyboard; name = Base; path = Base.lproj/LaunchScreen.storyboard; sourceTree = "<group>"; };
		6CBC1D12218B991300862790 /* Info.plist */ = {isa = PBXFileReference; lastKnownFileType = text.plist.xml; path = Info.plist; sourceTree = "<group>"; };
		6CBC1D17218B991300862790 /* Objectivec-Swift-UntitTestingTests.xctest */ = {isa = PBXFileReference; explicitFileType = wrapper.cfbundle; includeInIndex = 0; path = "Objectivec-Swift-UntitTestingTests.xctest"; sourceTree = BUILT_PRODUCTS_DIR; };
		6CBC1D1B218B991300862790 /* Objectivec_Swift_UntitTestingTests.swift */ = {isa = PBXFileReference; lastKnownFileType = sourcecode.swift; path = Objectivec_Swift_UntitTestingTests.swift; sourceTree = "<group>"; };
		6CBC1D1D218B991300862790 /* Info.plist */ = {isa = PBXFileReference; lastKnownFileType = text.plist.xml; path = Info.plist; sourceTree = "<group>"; };
		6CBC1D22218B991300862790 /* Objectivec-Swift-UntitTestingUITests.xctest */ = {isa = PBXFileReference; explicitFileType = wrapper.cfbundle; includeInIndex = 0; path = "Objectivec-Swift-UntitTestingUITests.xctest"; sourceTree = BUILT_PRODUCTS_DIR; };
		6CBC1D26218B991300862790 /* Objectivec_Swift_UntitTestingUITests.swift */ = {isa = PBXFileReference; lastKnownFileType = sourcecode.swift; path = Objectivec_Swift_UntitTestingUITests.swift; sourceTree = "<group>"; };
		6CBC1D28218B991300862790 /* Info.plist */ = {isa = PBXFileReference; lastKnownFileType = text.plist.xml; path = Info.plist; sourceTree = "<group>"; };
/* End PBXFileReference section */

/* Begin PBXFrameworksBuildPhase section */
		6CBC1D00218B991200862790 /* Frameworks */ = {
			isa = PBXFrameworksBuildPhase;
			buildActionMask = 2147483647;
			files = (
			);
			runOnlyForDeploymentPostprocessing = 0;
		};
		6CBC1D14218B991300862790 /* Frameworks */ = {
			isa = PBXFrameworksBuildPhase;
			buildActionMask = 2147483647;
			files = (
			);
			runOnlyForDeploymentPostprocessing = 0;
		};
		6CBC1D1F218B991300862790 /* Frameworks */ = {
			isa = PBXFrameworksBuildPhase;
			buildActionMask = 2147483647;
			files = (
			);
			runOnlyForDeploymentPostprocessing = 0;
		};
/* End PBXFrameworksBuildPhase section */

/* Begin PBXGroup section */
		6CBC1CFA218B991200862790 = {
			isa = PBXGroup;
			children = (
				6CBC1D05218B991200862790 /* Objectivec-Swift-UntitTesting */,
				6CBC1D1A218B991300862790 /* Objectivec-Swift-UntitTestingTests */,
				6CBC1D25218B991300862790 /* Objectivec-Swift-UntitTestingUITests */,
				6CBC1D04218B991200862790 /* Products */,
			);
			sourceTree = "<group>";
		};
		6CBC1D04218B991200862790 /* Products */ = {
			isa = PBXGroup;
			children = (
				6CBC1D03218B991200862790 /* Objectivec-Swift-UntitTesting.app */,
				6CBC1D17218B991300862790 /* Objectivec-Swift-UntitTestingTests.xctest */,
				6CBC1D22218B991300862790 /* Objectivec-Swift-UntitTestingUITests.xctest */,
			);
			name = Products;
			sourceTree = "<group>";
		};
		6CBC1D05218B991200862790 /* Objectivec-Swift-UntitTesting */ = {
			isa = PBXGroup;
			children = (
				6CBC1D06218B991200862790 /* AppDelegate.swift */,
				6CBC1D08218B991200862790 /* ViewController.swift */,
				6CBC1D0A218B991200862790 /* Main.storyboard */,
				6CBC1D0D218B991300862790 /* Assets.xcassets */,
				6CBC1D0F218B991300862790 /* LaunchScreen.storyboard */,
				6CBC1D12218B991300862790 /* Info.plist */,
			);
			path = "Objectivec-Swift-UntitTesting";
			sourceTree = "<group>";
		};
		6CBC1D1A218B991300862790 /* Objectivec-Swift-UntitTestingTests */ = {
			isa = PBXGroup;
			children = (
				6CBC1D1B218B991300862790 /* Objectivec_Swift_UntitTestingTests.swift */,
				6CBC1D1D218B991300862790 /* Info.plist */,
			);
			path = "Objectivec-Swift-UntitTestingTests";
			sourceTree = "<group>";
		};
		6CBC1D25218B991300862790 /* Objectivec-Swift-UntitTestingUITests */ = {
			isa = PBXGroup;
			children = (
				6CBC1D26218B991300862790 /* Objectivec_Swift_UntitTestingUITests.swift */,
				6CBC1D28218B991300862790 /* Info.plist */,
			);
			path = "Objectivec-Swift-UntitTestingUITests";
			sourceTree = "<group>";
		};
/* End PBXGroup section */

/* Begin PBXNativeTarget section */
		6CBC1D02218B991200862790 /* Objectivec-Swift-UntitTesting */ = {
			isa = PBXNativeTarget;
			buildConfigurationList = 6CBC1D2B218B991300862790 /* Build configuration list for PBXNativeTarget "Objectivec-Swift-UntitTesting" */;
			buildPhases = (
				6CBC1CFF218B991200862790 /* Sources */,
				6CBC1D00218B991200862790 /* Frameworks */,
				6CBC1D01218B991200862790 /* Resources */,
			);
			buildRules = (
			);
			dependencies = (
			);
			name = "Objectivec-Swift-UntitTesting";
			productName = "Objectivec-Swift-UntitTesting";
			productReference = 6CBC1D03218B991200862790 /* Objectivec-Swift-UntitTesting.app */;
			productType = "com.apple.product-type.application";
		};
		6CBC1D16218B991300862790 /* Objectivec-Swift-UntitTestingTests */ = {
			isa = PBXNativeTarget;
			buildConfigurationList = 6CBC1D2E218B991300862790 /* Build configuration list for PBXNativeTarget "Objectivec-Swift-UntitTestingTests" */;
			buildPhases = (
				6CBC1D13218B991300862790 /* Sources */,
				6CBC1D14218B991300862790 /* Frameworks */,
				6CBC1D15218B991300862790 /* Resources */,
			);
			buildRules = (
			);
			dependencies = (
				6CBC1D19218B991300862790 /* PBXTargetDependency */,
			);
			name = "Objectivec-Swift-UntitTestingTests";
			productName = "Objectivec-Swift-UntitTestingTests";
			productReference = 6CBC1D17218B991300862790 /* Objectivec-Swift-UntitTestingTests.xctest */;
			productType = "com.apple.product-type.bundle.unit-test";
		};
		6CBC1D21218B991300862790 /* Objectivec-Swift-UntitTestingUITests */ = {
			isa = PBXNativeTarget;
			buildConfigurationList = 6CBC1D31218B991300862790 /* Build configuration list for PBXNativeTarget "Objectivec-Swift-UntitTestingUITests" */;
			buildPhases = (
				6CBC1D1E218B991300862790 /* Sources */,
				6CBC1D1F218B991300862790 /* Frameworks */,
				6CBC1D20218B991300862790 /* Resources */,
			);
			buildRules = (
			);
			dependencies = (
				6CBC1D24218B991300862790 /* PBXTargetDependency */,
			);
			name = "Objectivec-Swift-UntitTestingUITests";
			productName = "Objectivec-Swift-UntitTestingUITests";
			productReference = 6CBC1D22218B991300862790 /* Objectivec-Swift-UntitTestingUITests.xctest */;
			productType = "com.apple.product-type.bundle.ui-testing";
		};
/* End PBXNativeTarget section */

/* Begin PBXProject section */
		6CBC1CFB218B991200862790 /* Project object */ = {
			isa = PBXProject;
			attributes = {
				LastSwiftUpdateCheck = 1000;
				LastUpgradeCheck = 1000;
				ORGANIZATIONNAME = abuzeid;
				TargetAttributes = {
					6CBC1D02218B991200862790 = {
						CreatedOnToolsVersion = 10.0;
					};
					6CBC1D16218B991300862790 = {
						CreatedOnToolsVersion = 10.0;
						TestTargetID = 6CBC1D02218B991200862790;
					};
					6CBC1D21218B991300862790 = {
						CreatedOnToolsVersion = 10.0;
						TestTargetID = 6CBC1D02218B991200862790;
					};
				};
			};
			buildConfigurationList = 6CBC1CFE218B991200862790 /* Build configuration list for PBXProject "Objectivec-Swift-UntitTesting" */;
			compatibilityVersion = "Xcode 9.3";
			developmentRegion = en;
			hasScannedForEncodings = 0;
			knownRegions = (
				en,
				Base,
			);
			mainGroup = 6CBC1CFA218B991200862790;
			productRefGroup = 6CBC1D04218B991200862790 /* Products */;
			projectDirPath = "";
			projectRoot = "";
			targets = (
				6CBC1D02218B991200862790 /* Objectivec-Swift-UntitTesting */,
				6CBC1D16218B991300862790 /* Objectivec-Swift-UntitTestingTests */,
				6CBC1D21218B991300862790 /* Objectivec-Swift-UntitTestingUITests */,
			);
		};
/* End PBXProject section */

/* Begin PBXResourcesBuildPhase section */
		6CBC1D01218B991200862790 /* Resources */ = {
			isa = PBXResourcesBuildPhase;
			buildActionMask = 2147483647;
			files = (
				6CBC1D11218B991300862790 /* LaunchScreen.storyboard in Resources */,
				6CBC1D0E218B991300862790 /* Assets.xcassets in Resources */,
				6CBC1D0C218B991200862790 /* Main.storyboard in Resources */,
			);
			runOnlyForDeploymentPostprocessing = 0;
		};
		6CBC1D15218B991300862790 /* Resources */ = {
			isa = PBXResourcesBuildPhase;
			buildActionMask = 2147483647;
			files = (
			);
			runOnlyForDeploymentPostprocessing = 0;
		};
		6CBC1D20218B991300862790 /* Resources */ = {
			isa = PBXResourcesBuildPhase;
			buildActionMask = 2147483647;
			files = (
			);
			runOnlyForDeploymentPostprocessing = 0;
		};
/* End PBXResourcesBuildPhase section */

/* Begin PBXSourcesBuildPhase section */
		6CBC1CFF218B991200862790 /* Sources */ = {
			isa = PBXSourcesBuildPhase;
			buildActionMask = 2147483647;
			files = (
				6CBC1D09218B991200862790 /* ViewController.swift in Sources */,
				6CBC1D07218B991200862790 /* AppDelegate.swift in Sources */,
			);
			runOnlyForDeploymentPostprocessing = 0;
		};
		6CBC1D13218B991300862790 /* Sources */ = {
			isa = PBXSourcesBuildPhase;
			buildActionMask = 2147483647;
			files = (
				6CBC1D1C218B991300862790 /* Objectivec_Swift_UntitTestingTests.swift in Sources */,
			);
			runOnlyForDeploymentPostprocessing = 0;
		};
		6CBC1D1E218B991300862790 /* Sources */ = {
			isa = PBXSourcesBuildPhase;
			buildActionMask = 2147483647;
			files = (
				6CBC1D27218B991300862790 /* Objectivec_Swift_UntitTestingUITests.swift in Sources */,
			);
			runOnlyForDeploymentPostprocessing = 0;
		};
/* End PBXSourcesBuildPhase section */

/* Begin PBXTargetDependency section */
		6CBC1D19218B991300862790 /* PBXTargetDependency */ = {
			isa = PBXTargetDependency;
			target = 6CBC1D02218B991200862790 /* Objectivec-Swift-UntitTesting */;
			targetProxy = 6CBC1D18218B991300862790 /* PBXContainerItemProxy */;
		};
		6CBC1D24218B991300862790 /* PBXTargetDependency */ = {
			isa = PBXTargetDependency;
			target = 6CBC1D02218B991200862790 /* Objectivec-Swift-UntitTesting */;
			targetProxy = 6CBC1D23218B991300862790 /* PBXContainerItemProxy */;
		};
/* End PBXTargetDependency section */

/* Begin PBXVariantGroup section */
		6CBC1D0A218B991200862790 /* Main.storyboard */ = {
			isa = PBXVariantGroup;
			children = (
				6CBC1D0B218B991200862790 /* Base */,
			);
			name = Main.storyboard;
			sourceTree = "<group>";
		};
		6CBC1D0F218B991300862790 /* LaunchScreen.storyboard */ = {
			isa = PBXVariantGroup;
			children = (
				6CBC1D10218B991300862790 /* Base */,
			);
			name = LaunchScreen.storyboard;
			sourceTree = "<group>";
		};
/* End PBXVariantGroup section */

/* Begin XCBuildConfiguration section */
		6CBC1D29218B991300862790 /* Debug */ = {
			isa = XCBuildConfiguration;
			buildSettings = {
				ALWAYS_SEARCH_USER_PATHS = NO;
				CLANG_ANALYZER_NONNULL = YES;
				CLANG_ANALYZER_NUMBER_OBJECT_CONVERSION = YES_AGGRESSIVE;
				CLANG_CXX_LANGUAGE_STANDARD = "gnu++14";
				CLANG_CXX_LIBRARY = "libc++";
				CLANG_ENABLE_MODULES = YES;
				CLANG_ENABLE_OBJC_ARC = YES;
				CLANG_ENABLE_OBJC_WEAK = YES;
				CLANG_WARN_BLOCK_CAPTURE_AUTORELEASING = YES;
				CLANG_WARN_BOOL_CONVERSION = YES;
				CLANG_WARN_COMMA = YES;
				CLANG_WARN_CONSTANT_CONVERSION = YES;
				CLANG_WARN_DEPRECATED_OBJC_IMPLEMENTATIONS = YES;
				CLANG_WARN_DIRECT_OBJC_ISA_USAGE = YES_ERROR;
				CLANG_WARN_DOCUMENTATION_COMMENTS = YES;
				CLANG_WARN_EMPTY_BODY = YES;
				CLANG_WARN_ENUM_CONVERSION = YES;
				CLANG_WARN_INFINITE_RECURSION = YES;
				CLANG_WARN_INT_CONVERSION = YES;
				CLANG_WARN_NON_LITERAL_NULL_CONVERSION = YES;
				CLANG_WARN_OBJC_IMPLICIT_RETAIN_SELF = YES;
				CLANG_WARN_OBJC_LITERAL_CONVERSION = YES;
				CLANG_WARN_OBJC_ROOT_CLASS = YES_ERROR;
				CLANG_WARN_RANGE_LOOP_ANALYSIS = YES;
				CLANG_WARN_STRICT_PROTOTYPES = YES;
				CLANG_WARN_SUSPICIOUS_MOVE = YES;
				CLANG_WARN_UNGUARDED_AVAILABILITY = YES_AGGRESSIVE;
				CLANG_WARN_UNREACHABLE_CODE = YES;
				CLANG_WARN__DUPLICATE_METHOD_MATCH = YES;
				CODE_SIGN_IDENTITY = "iPhone Developer";
				COPY_PHASE_STRIP = NO;
				DEBUG_INFORMATION_FORMAT = dwarf;
				ENABLE_STRICT_OBJC_MSGSEND = YES;
				ENABLE_TESTABILITY = YES;
				GCC_C_LANGUAGE_STANDARD = gnu11;
				GCC_DYNAMIC_NO_PIC = NO;
				GCC_NO_COMMON_BLOCKS = YES;
				GCC_OPTIMIZATION_LEVEL = 0;
				GCC_PREPROCESSOR_DEFINITIONS = (
					"DEBUG=1",
					"$(inherited)",
				);
				GCC_WARN_64_TO_32_BIT_CONVERSION = YES;
				GCC_WARN_ABOUT_RETURN_TYPE = YES_ERROR;
				GCC_WARN_UNDECLARED_SELECTOR = YES;
				GCC_WARN_UNINITIALIZED_AUTOS = YES_AGGRESSIVE;
				GCC_WARN_UNUSED_FUNCTION = YES;
				GCC_WARN_UNUSED_VARIABLE = YES;
				IPHONEOS_DEPLOYMENT_TARGET = 12.0;
				MTL_ENABLE_DEBUG_INFO = INCLUDE_SOURCE;
				MTL_FAST_MATH = YES;
				ONLY_ACTIVE_ARCH = YES;
				SDKROOT = iphoneos;
				SWIFT_ACTIVE_COMPILATION_CONDITIONS = DEBUG;
				SWIFT_OPTIMIZATION_LEVEL = "-Onone";
			};
			name = Debug;
		};
		6CBC1D2A218B991300862790 /* Release */ = {
			isa = XCBuildConfiguration;
			buildSettings = {
				ALWAYS_SEARCH_USER_PATHS = NO;
				CLANG_ANALYZER_NONNULL = YES;
				CLANG_ANALYZER_NUMBER_OBJECT_CONVERSION = YES_AGGRESSIVE;
				CLANG_CXX_LANGUAGE_STANDARD = "gnu++14";
				CLANG_CXX_LIBRARY = "libc++";
				CLANG_ENABLE_MODULES = YES;
				CLANG_ENABLE_OBJC_ARC = YES;
				CLANG_ENABLE_OBJC_WEAK = YES;
				CLANG_WARN_BLOCK_CAPTURE_AUTORELEASING = YES;
				CLANG_WARN_BOOL_CONVERSION = YES;
				CLANG_WARN_COMMA = YES;
				CLANG_WARN_CONSTANT_CONVERSION = YES;
				CLANG_WARN_DEPRECATED_OBJC_IMPLEMENTATIONS = YES;
				CLANG_WARN_DIRECT_OBJC_ISA_USAGE = YES_ERROR;
				CLANG_WARN_DOCUMENTATION_COMMENTS = YES;
				CLANG_WARN_EMPTY_BODY = YES;
				CLANG_WARN_ENUM_CONVERSION = YES;
				CLANG_WARN_INFINITE_RECURSION = YES;
				CLANG_WARN_INT_CONVERSION = YES;
				CLANG_WARN_NON_LITERAL_NULL_CONVERSION = YES;
				CLANG_WARN_OBJC_IMPLICIT_RETAIN_SELF = YES;
				CLANG_WARN_OBJC_LITERAL_CONVERSION = YES;
				CLANG_WARN_OBJC_ROOT_CLASS = YES_ERROR;
				CLANG_WARN_RANGE_LOOP_ANALYSIS = YES;
				CLANG_WARN_STRICT_PROTOTYPES = YES;
				CLANG_WARN_SUSPICIOUS_MOVE = YES;
				CLANG_WARN_UNGUARDED_AVAILABILITY = YES_AGGRESSIVE;
				CLANG_WARN_UNREACHABLE_CODE = YES;
				CLANG_WARN__DUPLICATE_METHOD_MATCH = YES;
				CODE_SIGN_IDENTITY = "iPhone Developer";
				COPY_PHASE_STRIP = NO;
				DEBUG_INFORMATION_FORMAT = "dwarf-with-dsym";
				ENABLE_NS_ASSERTIONS = NO;
				ENABLE_STRICT_OBJC_MSGSEND = YES;
				GCC_C_LANGUAGE_STANDARD = gnu11;
				GCC_NO_COMMON_BLOCKS = YES;
				GCC_WARN_64_TO_32_BIT_CONVERSION = YES;
				GCC_WARN_ABOUT_RETURN_TYPE = YES_ERROR;
				GCC_WARN_UNDECLARED_SELECTOR = YES;
				GCC_WARN_UNINITIALIZED_AUTOS = YES_AGGRESSIVE;
				GCC_WARN_UNUSED_FUNCTION = YES;
				GCC_WARN_UNUSED_VARIABLE = YES;
				IPHONEOS_DEPLOYMENT_TARGET = 12.0;
				MTL_ENABLE_DEBUG_INFO = NO;
				MTL_FAST_MATH = YES;
				SDKROOT = iphoneos;
				SWIFT_COMPILATION_MODE = wholemodule;
				SWIFT_OPTIMIZATION_LEVEL = "-O";
				VALIDATE_PRODUCT = YES;
			};
			name = Release;
		};
		6CBC1D2C218B991300862790 /* Debug */ = {
			isa = XCBuildConfiguration;
			buildSettings = {
				ASSETCATALOG_COMPILER_APPICON_NAME = AppIcon;
				CODE_SIGN_STYLE = Automatic;
				INFOPLIST_FILE = "Objectivec-Swift-UntitTesting/Info.plist";
				LD_RUNPATH_SEARCH_PATHS = (
					"$(inherited)",
					"@executable_path/Frameworks",
				);
				PRODUCT_BUNDLE_IDENTIFIER = "abuzeid.Objectivec-Swift-UntitTesting";
				PRODUCT_NAME = "$(TARGET_NAME)";
				SWIFT_VERSION = 4.2;
				TARGETED_DEVICE_FAMILY = "1,2";
			};
			name = Debug;
		};
		6CBC1D2D218B991300862790 /* Release */ = {
			isa = XCBuildConfiguration;
			buildSettings = {
				ASSETCATALOG_COMPILER_APPICON_NAME = AppIcon;
				CODE_SIGN_STYLE = Automatic;
				INFOPLIST_FILE = "Objectivec-Swift-UntitTesting/Info.plist";
				LD_RUNPATH_SEARCH_PATHS = (
					"$(inherited)",
					"@executable_path/Frameworks",
				);
				PRODUCT_BUNDLE_IDENTIFIER = "abuzeid.Objectivec-Swift-UntitTesting";
				PRODUCT_NAME = "$(TARGET_NAME)";
				SWIFT_VERSION = 4.2;
				TARGETED_DEVICE_FAMILY = "1,2";
			};
			name = Release;
		};
		6CBC1D2F218B991300862790 /* Debug */ = {
			isa = XCBuildConfiguration;
			buildSettings = {
				ALWAYS_EMBED_SWIFT_STANDARD_LIBRARIES = YES;
				BUNDLE_LOADER = "$(TEST_HOST)";
				CODE_SIGN_STYLE = Automatic;
				INFOPLIST_FILE = "Objectivec-Swift-UntitTestingTests/Info.plist";
				LD_RUNPATH_SEARCH_PATHS = (
					"$(inherited)",
					"@executable_path/Frameworks",
					"@loader_path/Frameworks",
				);
				PRODUCT_BUNDLE_IDENTIFIER = "abuzeid.Objectivec-Swift-UntitTestingTests";
				PRODUCT_NAME = "$(TARGET_NAME)";
				SWIFT_VERSION = 4.2;
				TARGETED_DEVICE_FAMILY = "1,2";
				TEST_HOST = "$(BUILT_PRODUCTS_DIR)/Objectivec-Swift-UntitTesting.app/Objectivec-Swift-UntitTesting";
			};
			name = Debug;
		};
		6CBC1D30218B991300862790 /* Release */ = {
			isa = XCBuildConfiguration;
			buildSettings = {
				ALWAYS_EMBED_SWIFT_STANDARD_LIBRARIES = YES;
				BUNDLE_LOADER = "$(TEST_HOST)";
				CODE_SIGN_STYLE = Automatic;
				INFOPLIST_FILE = "Objectivec-Swift-UntitTestingTests/Info.plist";
				LD_RUNPATH_SEARCH_PATHS = (
					"$(inherited)",
					"@executable_path/Frameworks",
					"@loader_path/Frameworks",
				);
				PRODUCT_BUNDLE_IDENTIFIER = "abuzeid.Objectivec-Swift-UntitTestingTests";
				PRODUCT_NAME = "$(TARGET_NAME)";
				SWIFT_VERSION = 4.2;
				TARGETED_DEVICE_FAMILY = "1,2";
				TEST_HOST = "$(BUILT_PRODUCTS_DIR)/Objectivec-Swift-UntitTesting.app/Objectivec-Swift-UntitTesting";
			};
			name = Release;
		};
		6CBC1D32218B991300862790 /* Debug */ = {
			isa = XCBuildConfiguration;
			buildSettings = {
				ALWAYS_EMBED_SWIFT_STANDARD_LIBRARIES = YES;
				CODE_SIGN_STYLE = Automatic;
				INFOPLIST_FILE = "Objectivec-Swift-UntitTestingUITests/Info.plist";
				LD_RUNPATH_SEARCH_PATHS = (
					"$(inherited)",
					"@executable_path/Frameworks",
					"@loader_path/Frameworks",
				);
				PRODUCT_BUNDLE_IDENTIFIER = "abuzeid.Objectivec-Swift-UntitTestingUITests";
				PRODUCT_NAME = "$(TARGET_NAME)";
				SWIFT_VERSION = 4.2;
				TARGETED_DEVICE_FAMILY = "1,2";
				TEST_TARGET_NAME = "Objectivec-Swift-UntitTesting";
			};
			name = Debug;
		};
		6CBC1D33218B991300862790 /* Release */ = {
			isa = XCBuildConfiguration;
			buildSettings = {
				ALWAYS_EMBED_SWIFT_STANDARD_LIBRARIES = YES;
				CODE_SIGN_STYLE = Automatic;
				INFOPLIST_FILE = "Objectivec-Swift-UntitTestingUITests/Info.plist";
				LD_RUNPATH_SEARCH_PATHS = (
					"$(inherited)",
					"@executable_path/Frameworks",
					"@loader_path/Frameworks",
				);
				PRODUCT_BUNDLE_IDENTIFIER = "abuzeid.Objectivec-Swift-UntitTestingUITests";
				PRODUCT_NAME = "$(TARGET_NAME)";
				SWIFT_VERSION = 4.2;
				TARGETED_DEVICE_FAMILY = "1,2";
				TEST_TARGET_NAME = "Objectivec-Swift-UntitTesting";
			};
			name = Release;
		};
/* End XCBuildConfiguration section */

/* Begin XCConfigurationList section */
		6CBC1CFE218B991200862790 /* Build configuration list for PBXProject "Objectivec-Swift-UntitTesting" */ = {
			isa = XCConfigurationList;
			buildConfigurations = (
				6CBC1D29218B991300862790 /* Debug */,
				6CBC1D2A218B991300862790 /* Release */,
			);
			defaultConfigurationIsVisible = 0;
			defaultConfigurationName = Release;
		};
		6CBC1D2B218B991300862790 /* Build configuration list for PBXNativeTarget "Objectivec-Swift-UntitTesting" */ = {
			isa = XCConfigurationList;
			buildConfigurations = (
				6CBC1D2C218B991300862790 /* Debug */,
				6CBC1D2D218B991300862790 /* Release */,
			);
			defaultConfigurationIsVisible = 0;
			defaultConfigurationName = Release;
		};
		6CBC1D2E218B991300862790 /* Build configuration list for PBXNativeTarget "Objectivec-Swift-UntitTestingTests" */ = {
			isa = XCConfigurationList;
			buildConfigurations = (
				6CBC1D2F218B991300862790 /* Debug */,
				6CBC1D30218B991300862790 /* Release */,
			);
			defaultConfigurationIsVisible = 0;
			defaultConfigurationName = Release;
		};
		6CBC1D31218B991300862790 /* Build configuration list for PBXNativeTarget "Objectivec-Swift-UntitTestingUITests" */ = {
			isa = XCConfigurationList;
			buildConfigurations = (
				6CBC1D32218B991300862790 /* Debug */,
				6CBC1D33218B991300862790 /* Release */,
			);
			defaultConfigurationIsVisible = 0;
			defaultConfigurationName = Release;
		};
/* End XCConfigurationList section */
	};
	rootObject = 6CBC1CFB218B991200862790 /* Project object */;
}
